
Microsoft Visual Studio Solution File, Format Version 12.00
# Visual Studio Version 16
VisualStudioVersion = 16.0.31515.178
MinimumVisualStudioVersion = 10.0.40219.1
Project("{9A19103F-16F7-4668-BE54-9A1E7A4F7556}") = "GradesApplication", "GradesApplication\GradesApplication.csproj", "{C3909D35-B063-4BC0-BAEE-88DEEB86CB48}"
EndProject
Project("{9A19103F-16F7-4668-BE54-9A1E7A4F7556}") = "TestGradeManager", "TestGradeManager\TestGradeManager.csproj", "{A9CA5B7C-17FC-4FB3-A744-6B192D03344E}"
	ProjectSection(ProjectDependencies) = postProject
		{C3909D35-B063-4BC0-BAEE-88DEEB86CB48} = {C3909D35-B063-4BC0-BAEE-88DEEB86CB48}
	EndProjectSection
EndProject
Global
	GlobalSection(SolutionConfigurationPlatforms) = preSolution
		Debug|Any CPU = Debug|Any CPU
		Release|Any CPU = Release|Any CPU
	EndGlobalSection
	GlobalSection(ProjectConfigurationPlatforms) = postSolution
		{C3909D35-B063-4BC0-BAEE-88DEEB86CB48}.Debug|Any CPU.ActiveCfg = Debug|Any CPU
		{C3909D35-B063-4BC0-BAEE-88DEEB86CB48}.Debug|Any CPU.Build.0 = Debug|Any CPU
		{C3909D35-B063-4BC0-BAEE-88DEEB86CB48}.Release|Any CPU.ActiveCfg = Release|Any CPU
		{C3909D35-B063-4BC0-BAEE-88DEEB86CB48}.Release|Any CPU.Build.0 = Release|Any CPU
		{A9CA5B7C-17FC-4FB3-A744-6B192D03344E}.Debug|Any CPU.ActiveCfg = Debug|Any CPU
		{A9CA5B7C-17FC-4FB3-A744-6B192D03344E}.Debug|Any CPU.Build.0 = Debug|Any CPU
		{A9CA5B7C-17FC-4FB3-A744-6B192D03344E}.Release|Any CPU.ActiveCfg = Release|Any CPU
		{A9CA5B7C-17FC-4FB3-A744-6B192D03344E}.Release|Any CPU.Build.0 = Release|Any CPU
	EndGlobalSection
	GlobalSection(SolutionProperties) = preSolution
		HideSolutionNode = FALSE
	EndGlobalSection
	GlobalSection(ExtensibilityGlobals) = postSolution
		SolutionGuid = {8A9C4FE8-E910-497C-A079-5840FEE938FC}
	EndGlobalSection
EndGlobal
