
Microsoft Visual Studio Solution File, Format Version 12.00
# Visual Studio Version 16
VisualStudioVersion = 16.0.31605.320
MinimumVisualStudioVersion = 10.0.40219.1
Project("{FAE04EC0-301F-11D3-BF4B-00C04F79EFBC}") = "Grade_Manager", "Grade_Manager.csproj", "{5BA695D2-63EA-4324-B48A-080FBB638FF3}"
EndProject
Global
	GlobalSection(SolutionConfigurationPlatforms) = preSolution
		Debug|Any CPU = Debug|Any CPU
		Release|Any CPU = Release|Any CPU
	EndGlobalSection
	GlobalSection(ProjectConfigurationPlatforms) = postSolution
		{5BA695D2-63EA-4324-B48A-080FBB638FF3}.Debug|Any CPU.ActiveCfg = Debug|Any CPU
		{5BA695D2-63EA-4324-B48A-080FBB638FF3}.Debug|Any CPU.Build.0 = Debug|Any CPU
		{5BA695D2-63EA-4324-B48A-080FBB638FF3}.Release|Any CPU.ActiveCfg = Release|Any CPU
		{5BA695D2-63EA-4324-B48A-080FBB638FF3}.Release|Any CPU.Build.0 = Release|Any CPU
	EndGlobalSection
	GlobalSection(SolutionProperties) = preSolution
		HideSolutionNode = FALSE
	EndGlobalSection
	GlobalSection(ExtensibilityGlobals) = postSolution
		SolutionGuid = {4EB89499-0C04-444C-8759-8BDB23F976E6}
	EndGlobalSection
EndGlobal
