
Microsoft Visual Studio Solution File, Format Version 12.00
# Visual Studio Version 16
VisualStudioVersion = 16.0.31605.320
MinimumVisualStudioVersion = 10.0.40219.1
Project("{9A19103F-16F7-4668-BE54-9A1E7A4F7556}") = "Grade_Manager_Razor", "Grade_Manager_Razor.csproj", "{B78432C3-43AA-4B37-B5E1-03BCA9E9A9CC}"
EndProject
Global
	GlobalSection(SolutionConfigurationPlatforms) = preSolution
		Debug|Any CPU = Debug|Any CPU
		Release|Any CPU = Release|Any CPU
	EndGlobalSection
	GlobalSection(ProjectConfigurationPlatforms) = postSolution
		{B78432C3-43AA-4B37-B5E1-03BCA9E9A9CC}.Debug|Any CPU.ActiveCfg = Debug|Any CPU
		{B78432C3-43AA-4B37-B5E1-03BCA9E9A9CC}.Debug|Any CPU.Build.0 = Debug|Any CPU
		{B78432C3-43AA-4B37-B5E1-03BCA9E9A9CC}.Release|Any CPU.ActiveCfg = Release|Any CPU
		{B78432C3-43AA-4B37-B5E1-03BCA9E9A9CC}.Release|Any CPU.Build.0 = Release|Any CPU
	EndGlobalSection
	GlobalSection(SolutionProperties) = preSolution
		HideSolutionNode = FALSE
	EndGlobalSection
	GlobalSection(ExtensibilityGlobals) = postSolution
		SolutionGuid = {B00E6DB2-DE37-4233-8CCF-45427FFAD019}
	EndGlobalSection
EndGlobal
